// !$*UTF8*$!
{
	archiveVersion = 1;
	classes = {
	};
	objectVersion = 55;
	objects = {

/* Begin PBXBuildFile section */
		7FC13BC8AAAD3D18893379EB /* Pods_AlamofireTest.framework in Frameworks */ = {isa = PBXBuildFile; fileRef = 54808FB129FA56E513C81CE7 /* Pods_AlamofireTest.framework */; };
		A94FC31C647EB964F98294EE /* Pods_AlamofireTestTests.framework in Frameworks */ = {isa = PBXBuildFile; fileRef = 971799A6AA7AF01218CAF1A6 /* Pods_AlamofireTestTests.framework */; };
		CF625561296188D300BD590B /* AppDelegate.swift in Sources */ = {isa = PBXBuildFile; fileRef = CF625560296188D300BD590B /* AppDelegate.swift */; };
		CF625563296188D300BD590B /* SceneDelegate.swift in Sources */ = {isa = PBXBuildFile; fileRef = CF625562296188D300BD590B /* SceneDelegate.swift */; };
		CF625565296188D300BD590B /* ViewController.swift in Sources */ = {isa = PBXBuildFile; fileRef = CF625564296188D300BD590B /* ViewController.swift */; };
		CF625568296188D300BD590B /* Main.storyboard in Resources */ = {isa = PBXBuildFile; fileRef = CF625566296188D300BD590B /* Main.storyboard */; };
		CF62556A296188D400BD590B /* Assets.xcassets in Resources */ = {isa = PBXBuildFile; fileRef = CF625569296188D400BD590B /* Assets.xcassets */; };
		CF62556D296188D400BD590B /* LaunchScreen.storyboard in Resources */ = {isa = PBXBuildFile; fileRef = CF62556B296188D400BD590B /* LaunchScreen.storyboard */; };
		CF625578296188D400BD590B /* AlamofireTestTests.swift in Sources */ = {isa = PBXBuildFile; fileRef = CF625577296188D400BD590B /* AlamofireTestTests.swift */; };
		CF625582296188D400BD590B /* AlamofireTestUITests.swift in Sources */ = {isa = PBXBuildFile; fileRef = CF625581296188D400BD590B /* AlamofireTestUITests.swift */; };
		CF625584296188D400BD590B /* AlamofireTestUITestsLaunchTests.swift in Sources */ = {isa = PBXBuildFile; fileRef = CF625583296188D400BD590B /* AlamofireTestUITestsLaunchTests.swift */; };
		DD9D82E7E335D5E74E33768D /* Pods_AlamofireTest_AlamofireTestUITests.framework in Frameworks */ = {isa = PBXBuildFile; fileRef = 73256725D2452D073B2BBD38 /* Pods_AlamofireTest_AlamofireTestUITests.framework */; };
/* End PBXBuildFile section */

/* Begin PBXContainerItemProxy section */
		CF625574296188D400BD590B /* PBXContainerItemProxy */ = {
			isa = PBXContainerItemProxy;
			containerPortal = CF625555296188D300BD590B /* Project object */;
			proxyType = 1;
			remoteGlobalIDString = CF62555C296188D300BD590B;
			remoteInfo = AlamofireTest;
		};
		CF62557E296188D400BD590B /* PBXContainerItemProxy */ = {
			isa = PBXContainerItemProxy;
			containerPortal = CF625555296188D300BD590B /* Project object */;
			proxyType = 1;
			remoteGlobalIDString = CF62555C296188D300BD590B;
			remoteInfo = AlamofireTest;
		};
/* End PBXContainerItemProxy section */

/* Begin PBXFileReference section */
		54808FB129FA56E513C81CE7 /* Pods_AlamofireTest.framework */ = {isa = PBXFileReference; explicitFileType = wrapper.framework; includeInIndex = 0; path = Pods_AlamofireTest.framework; sourceTree = BUILT_PRODUCTS_DIR; };
		5BFC14E2935065065CE4E0F5 /* Pods-AlamofireTest.release.xcconfig */ = {isa = PBXFileReference; includeInIndex = 1; lastKnownFileType = text.xcconfig; name = "Pods-AlamofireTest.release.xcconfig"; path = "Target Support Files/Pods-AlamofireTest/Pods-AlamofireTest.release.xcconfig"; sourceTree = "<group>"; };
		5FCC58565465418E3D1F29CD /* Pods-AlamofireTest.debug.xcconfig */ = {isa = PBXFileReference; includeInIndex = 1; lastKnownFileType = text.xcconfig; name = "Pods-AlamofireTest.debug.xcconfig"; path = "Target Support Files/Pods-AlamofireTest/Pods-AlamofireTest.debug.xcconfig"; sourceTree = "<group>"; };
		6C0FEB0DC3A3911E2BB90834 /* Pods-AlamofireTestTests.release.xcconfig */ = {isa = PBXFileReference; includeInIndex = 1; lastKnownFileType = text.xcconfig; name = "Pods-AlamofireTestTests.release.xcconfig"; path = "Target Support Files/Pods-AlamofireTestTests/Pods-AlamofireTestTests.release.xcconfig"; sourceTree = "<group>"; };
		73256725D2452D073B2BBD38 /* Pods_AlamofireTest_AlamofireTestUITests.framework */ = {isa = PBXFileReference; explicitFileType = wrapper.framework; includeInIndex = 0; path = Pods_AlamofireTest_AlamofireTestUITests.framework; sourceTree = BUILT_PRODUCTS_DIR; };
		77C5F0D48C2B07C788CFEB25 /* Pods-AlamofireTest-AlamofireTestUITests.debug.xcconfig */ = {isa = PBXFileReference; includeInIndex = 1; lastKnownFileType = text.xcconfig; name = "Pods-AlamofireTest-AlamofireTestUITests.debug.xcconfig"; path = "Target Support Files/Pods-AlamofireTest-AlamofireTestUITests/Pods-AlamofireTest-AlamofireTestUITests.debug.xcconfig"; sourceTree = "<group>"; };
		7FE8CF4F9E40358C0331D7BF /* Pods-AlamofireTest-AlamofireTestUITests.release.xcconfig */ = {isa = PBXFileReference; includeInIndex = 1; lastKnownFileType = text.xcconfig; name = "Pods-AlamofireTest-AlamofireTestUITests.release.xcconfig"; path = "Target Support Files/Pods-AlamofireTest-AlamofireTestUITests/Pods-AlamofireTest-AlamofireTestUITests.release.xcconfig"; sourceTree = "<group>"; };
		971799A6AA7AF01218CAF1A6 /* Pods_AlamofireTestTests.framework */ = {isa = PBXFileReference; explicitFileType = wrapper.framework; includeInIndex = 0; path = Pods_AlamofireTestTests.framework; sourceTree = BUILT_PRODUCTS_DIR; };
		B8F317109A3B6616AB306C63 /* Pods-AlamofireTestTests.debug.xcconfig */ = {isa = PBXFileReference; includeInIndex = 1; lastKnownFileType = text.xcconfig; name = "Pods-AlamofireTestTests.debug.xcconfig"; path = "Target Support Files/Pods-AlamofireTestTests/Pods-AlamofireTestTests.debug.xcconfig"; sourceTree = "<group>"; };
		CF62555D296188D300BD590B /* AlamofireTest.app */ = {isa = PBXFileReference; explicitFileType = wrapper.application; includeInIndex = 0; path = AlamofireTest.app; sourceTree = BUILT_PRODUCTS_DIR; };
		CF625560296188D300BD590B /* AppDelegate.swift */ = {isa = PBXFileReference; lastKnownFileType = sourcecode.swift; path = AppDelegate.swift; sourceTree = "<group>"; };
		CF625562296188D300BD590B /* SceneDelegate.swift */ = {isa = PBXFileReference; lastKnownFileType = sourcecode.swift; path = SceneDelegate.swift; sourceTree = "<group>"; };
		CF625564296188D300BD590B /* ViewController.swift */ = {isa = PBXFileReference; lastKnownFileType = sourcecode.swift; path = ViewController.swift; sourceTree = "<group>"; };
		CF625567296188D300BD590B /* Base */ = {isa = PBXFileReference; lastKnownFileType = file.storyboard; name = Base; path = Base.lproj/Main.storyboard; sourceTree = "<group>"; };
		CF625569296188D400BD590B /* Assets.xcassets */ = {isa = PBXFileReference; lastKnownFileType = folder.assetcatalog; path = Assets.xcassets; sourceTree = "<group>"; };
		CF62556C296188D400BD590B /* Base */ = {isa = PBXFileReference; lastKnownFileType = file.storyboard; name = Base; path = Base.lproj/LaunchScreen.storyboard; sourceTree = "<group>"; };
		CF62556E296188D400BD590B /* Info.plist */ = {isa = PBXFileReference; lastKnownFileType = text.plist.xml; path = Info.plist; sourceTree = "<group>"; };
		CF625573296188D400BD590B /* AlamofireTestTests.xctest */ = {isa = PBXFileReference; explicitFileType = wrapper.cfbundle; includeInIndex = 0; path = AlamofireTestTests.xctest; sourceTree = BUILT_PRODUCTS_DIR; };
		CF625577296188D400BD590B /* AlamofireTestTests.swift */ = {isa = PBXFileReference; lastKnownFileType = sourcecode.swift; path = AlamofireTestTests.swift; sourceTree = "<group>"; };
		CF62557D296188D400BD590B /* AlamofireTestUITests.xctest */ = {isa = PBXFileReference; explicitFileType = wrapper.cfbundle; includeInIndex = 0; path = AlamofireTestUITests.xctest; sourceTree = BUILT_PRODUCTS_DIR; };
		CF625581296188D400BD590B /* AlamofireTestUITests.swift */ = {isa = PBXFileReference; lastKnownFileType = sourcecode.swift; path = AlamofireTestUITests.swift; sourceTree = "<group>"; };
		CF625583296188D400BD590B /* AlamofireTestUITestsLaunchTests.swift */ = {isa = PBXFileReference; lastKnownFileType = sourcecode.swift; path = AlamofireTestUITestsLaunchTests.swift; sourceTree = "<group>"; };
/* End PBXFileReference section */

/* Begin PBXFrameworksBuildPhase section */
		CF62555A296188D300BD590B /* Frameworks */ = {
			isa = PBXFrameworksBuildPhase;
			buildActionMask = 2147483647;
			files = (
				7FC13BC8AAAD3D18893379EB /* Pods_AlamofireTest.framework in Frameworks */,
			);
			runOnlyForDeploymentPostprocessing = 0;
		};
		CF625570296188D400BD590B /* Frameworks */ = {
			isa = PBXFrameworksBuildPhase;
			buildActionMask = 2147483647;
			files = (
				A94FC31C647EB964F98294EE /* Pods_AlamofireTestTests.framework in Frameworks */,
			);
			runOnlyForDeploymentPostprocessing = 0;
		};
		CF62557A296188D400BD590B /* Frameworks */ = {
			isa = PBXFrameworksBuildPhase;
			buildActionMask = 2147483647;
			files = (
				DD9D82E7E335D5E74E33768D /* Pods_AlamofireTest_AlamofireTestUITests.framework in Frameworks */,
			);
			runOnlyForDeploymentPostprocessing = 0;
		};
/* End PBXFrameworksBuildPhase section */

/* Begin PBXGroup section */
		06EE99A9B067006498E28148 /* Frameworks */ = {
			isa = PBXGroup;
			children = (
				54808FB129FA56E513C81CE7 /* Pods_AlamofireTest.framework */,
				73256725D2452D073B2BBD38 /* Pods_AlamofireTest_AlamofireTestUITests.framework */,
				971799A6AA7AF01218CAF1A6 /* Pods_AlamofireTestTests.framework */,
			);
			name = Frameworks;
			sourceTree = "<group>";
		};
		53C6DAFCEBFEB440548D270D /* Pods */ = {
			isa = PBXGroup;
			children = (
				5FCC58565465418E3D1F29CD /* Pods-AlamofireTest.debug.xcconfig */,
				5BFC14E2935065065CE4E0F5 /* Pods-AlamofireTest.release.xcconfig */,
				77C5F0D48C2B07C788CFEB25 /* Pods-AlamofireTest-AlamofireTestUITests.debug.xcconfig */,
				7FE8CF4F9E40358C0331D7BF /* Pods-AlamofireTest-AlamofireTestUITests.release.xcconfig */,
				B8F317109A3B6616AB306C63 /* Pods-AlamofireTestTests.debug.xcconfig */,
				6C0FEB0DC3A3911E2BB90834 /* Pods-AlamofireTestTests.release.xcconfig */,
			);
			name = Pods;
			path = Pods;
			sourceTree = "<group>";
		};
		CF625554296188D300BD590B = {
			isa = PBXGroup;
			children = (
				CF62555F296188D300BD590B /* AlamofireTest */,
				CF625576296188D400BD590B /* AlamofireTestTests */,
				CF625580296188D400BD590B /* AlamofireTestUITests */,
				CF62555E296188D300BD590B /* Products */,
				53C6DAFCEBFEB440548D270D /* Pods */,
				06EE99A9B067006498E28148 /* Frameworks */,
			);
			sourceTree = "<group>";
		};
		CF62555E296188D300BD590B /* Products */ = {
			isa = PBXGroup;
			children = (
				CF62555D296188D300BD590B /* AlamofireTest.app */,
				CF625573296188D400BD590B /* AlamofireTestTests.xctest */,
				CF62557D296188D400BD590B /* AlamofireTestUITests.xctest */,
			);
			name = Products;
			sourceTree = "<group>";
		};
		CF62555F296188D300BD590B /* AlamofireTest */ = {
			isa = PBXGroup;
			children = (
				CF625560296188D300BD590B /* AppDelegate.swift */,
				CF625562296188D300BD590B /* SceneDelegate.swift */,
				CF625564296188D300BD590B /* ViewController.swift */,
				CF625566296188D300BD590B /* Main.storyboard */,
				CF625569296188D400BD590B /* Assets.xcassets */,
				CF62556B296188D400BD590B /* LaunchScreen.storyboard */,
				CF62556E296188D400BD590B /* Info.plist */,
			);
			path = AlamofireTest;
			sourceTree = "<group>";
		};
		CF625576296188D400BD590B /* AlamofireTestTests */ = {
			isa = PBXGroup;
			children = (
				CF625577296188D400BD590B /* AlamofireTestTests.swift */,
			);
			path = AlamofireTestTests;
			sourceTree = "<group>";
		};
		CF625580296188D400BD590B /* AlamofireTestUITests */ = {
			isa = PBXGroup;
			children = (
				CF625581296188D400BD590B /* AlamofireTestUITests.swift */,
				CF625583296188D400BD590B /* AlamofireTestUITestsLaunchTests.swift */,
			);
			path = AlamofireTestUITests;
			sourceTree = "<group>";
		};
/* End PBXGroup section */

/* Begin PBXNativeTarget section */
		CF62555C296188D300BD590B /* AlamofireTest */ = {
			isa = PBXNativeTarget;
			buildConfigurationList = CF625587296188D400BD590B /* Build configuration list for PBXNativeTarget "AlamofireTest" */;
			buildPhases = (
				FD43930C2BC59F89CCDD486F /* [CP] Check Pods Manifest.lock */,
				CF625559296188D300BD590B /* Sources */,
				CF62555A296188D300BD590B /* Frameworks */,
				CF62555B296188D300BD590B /* Resources */,
				CE0492FFF50AB60097741D59 /* [CP] Embed Pods Frameworks */,
			);
			buildRules = (
			);
			dependencies = (
			);
			name = AlamofireTest;
			productName = AlamofireTest;
			productReference = CF62555D296188D300BD590B /* AlamofireTest.app */;
			productType = "com.apple.product-type.application";
		};
		CF625572296188D400BD590B /* AlamofireTestTests */ = {
			isa = PBXNativeTarget;
			buildConfigurationList = CF62558A296188D400BD590B /* Build configuration list for PBXNativeTarget "AlamofireTestTests" */;
			buildPhases = (
				0F66D59175AA16CA1366E279 /* [CP] Check Pods Manifest.lock */,
				CF62556F296188D400BD590B /* Sources */,
				CF625570296188D400BD590B /* Frameworks */,
				CF625571296188D400BD590B /* Resources */,
			);
			buildRules = (
			);
			dependencies = (
				CF625575296188D400BD590B /* PBXTargetDependency */,
			);
			name = AlamofireTestTests;
			productName = AlamofireTestTests;
			productReference = CF625573296188D400BD590B /* AlamofireTestTests.xctest */;
			productType = "com.apple.product-type.bundle.unit-test";
		};
		CF62557C296188D400BD590B /* AlamofireTestUITests */ = {
			isa = PBXNativeTarget;
			buildConfigurationList = CF62558D296188D400BD590B /* Build configuration list for PBXNativeTarget "AlamofireTestUITests" */;
			buildPhases = (
				AF6C58D3464AAA71C2F6F9B4 /* [CP] Check Pods Manifest.lock */,
				CF625579296188D400BD590B /* Sources */,
				CF62557A296188D400BD590B /* Frameworks */,
				CF62557B296188D400BD590B /* Resources */,
				0D121D367358879E775CD785 /* [CP] Embed Pods Frameworks */,
			);
			buildRules = (
			);
			dependencies = (
				CF62557F296188D400BD590B /* PBXTargetDependency */,
			);
			name = AlamofireTestUITests;
			productName = AlamofireTestUITests;
			productReference = CF62557D296188D400BD590B /* AlamofireTestUITests.xctest */;
			productType = "com.apple.product-type.bundle.ui-testing";
		};
/* End PBXNativeTarget section */

/* Begin PBXProject section */
		CF625555296188D300BD590B /* Project object */ = {
			isa = PBXProject;
			attributes = {
				BuildIndependentTargetsInParallel = 1;
				LastSwiftUpdateCheck = 1330;
				LastUpgradeCheck = 1330;
				TargetAttributes = {
					CF62555C296188D300BD590B = {
						CreatedOnToolsVersion = 13.3;
					};
					CF625572296188D400BD590B = {
						CreatedOnToolsVersion = 13.3;
						TestTargetID = CF62555C296188D300BD590B;
					};
					CF62557C296188D400BD590B = {
						CreatedOnToolsVersion = 13.3;
						TestTargetID = CF62555C296188D300BD590B;
					};
				};
			};
			buildConfigurationList = CF625558296188D300BD590B /* Build configuration list for PBXProject "AlamofireTest" */;
			compatibilityVersion = "Xcode 13.0";
			developmentRegion = en;
			hasScannedForEncodings = 0;
			knownRegions = (
				en,
				Base,
			);
			mainGroup = CF625554296188D300BD590B;
			productRefGroup = CF62555E296188D300BD590B /* Products */;
			projectDirPath = "";
			projectRoot = "";
			targets = (
				CF62555C296188D300BD590B /* AlamofireTest */,
				CF625572296188D400BD590B /* AlamofireTestTests */,
				CF62557C296188D400BD590B /* AlamofireTestUITests */,
			);
		};
/* End PBXProject section */

/* Begin PBXResourcesBuildPhase section */
		CF62555B296188D300BD590B /* Resources */ = {
			isa = PBXResourcesBuildPhase;
			buildActionMask = 2147483647;
			files = (
				CF62556D296188D400BD590B /* LaunchScreen.storyboard in Resources */,
				CF62556A296188D400BD590B /* Assets.xcassets in Resources */,
				CF625568296188D300BD590B /* Main.storyboard in Resources */,
			);
			runOnlyForDeploymentPostprocessing = 0;
		};
		CF625571296188D400BD590B /* Resources */ = {
			isa = PBXResourcesBuildPhase;
			buildActionMask = 2147483647;
			files = (
			);
			runOnlyForDeploymentPostprocessing = 0;
		};
		CF62557B296188D400BD590B /* Resources */ = {
			isa = PBXResourcesBuildPhase;
			buildActionMask = 2147483647;
			files = (
			);
			runOnlyForDeploymentPostprocessing = 0;
		};
/* End PBXResourcesBuildPhase section */

/* Begin PBXShellScriptBuildPhase section */
		0D121D367358879E775CD785 /* [CP] Embed Pods Frameworks */ = {
			isa = PBXShellScriptBuildPhase;
			buildActionMask = 2147483647;
			files = (
			);
			inputFileListPaths = (
				"${PODS_ROOT}/Target Support Files/Pods-AlamofireTest-AlamofireTestUITests/Pods-AlamofireTest-AlamofireTestUITests-frameworks-${CONFIGURATION}-input-files.xcfilelist",
			);
			name = "[CP] Embed Pods Frameworks";
			outputFileListPaths = (
				"${PODS_ROOT}/Target Support Files/Pods-AlamofireTest-AlamofireTestUITests/Pods-AlamofireTest-AlamofireTestUITests-frameworks-${CONFIGURATION}-output-files.xcfilelist",
			);
			runOnlyForDeploymentPostprocessing = 0;
			shellPath = /bin/sh;
			shellScript = "\"${PODS_ROOT}/Target Support Files/Pods-AlamofireTest-AlamofireTestUITests/Pods-AlamofireTest-AlamofireTestUITests-frameworks.sh\"\n";
			showEnvVarsInLog = 0;
		};
		0F66D59175AA16CA1366E279 /* [CP] Check Pods Manifest.lock */ = {
			isa = PBXShellScriptBuildPhase;
			buildActionMask = 2147483647;
			files = (
			);
			inputFileListPaths = (
			);
			inputPaths = (
				"${PODS_PODFILE_DIR_PATH}/Podfile.lock",
				"${PODS_ROOT}/Manifest.lock",
			);
			name = "[CP] Check Pods Manifest.lock";
			outputFileListPaths = (
			);
			outputPaths = (
				"$(DERIVED_FILE_DIR)/Pods-AlamofireTestTests-checkManifestLockResult.txt",
			);
			runOnlyForDeploymentPostprocessing = 0;
			shellPath = /bin/sh;
			shellScript = "diff \"${PODS_PODFILE_DIR_PATH}/Podfile.lock\" \"${PODS_ROOT}/Manifest.lock\" > /dev/null\nif [ $? != 0 ] ; then\n    # print error to STDERR\n    echo \"error: The sandbox is not in sync with the Podfile.lock. Run 'pod install' or update your CocoaPods installation.\" >&2\n    exit 1\nfi\n# This output is used by Xcode 'outputs' to avoid re-running this script phase.\necho \"SUCCESS\" > \"${SCRIPT_OUTPUT_FILE_0}\"\n";
			showEnvVarsInLog = 0;
		};
		AF6C58D3464AAA71C2F6F9B4 /* [CP] Check Pods Manifest.lock */ = {
			isa = PBXShellScriptBuildPhase;
			buildActionMask = 2147483647;
			files = (
			);
			inputFileListPaths = (
			);
			inputPaths = (
				"${PODS_PODFILE_DIR_PATH}/Podfile.lock",
				"${PODS_ROOT}/Manifest.lock",
			);
			name = "[CP] Check Pods Manifest.lock";
			outputFileListPaths = (
			);
			outputPaths = (
				"$(DERIVED_FILE_DIR)/Pods-AlamofireTest-AlamofireTestUITests-checkManifestLockResult.txt",
			);
			runOnlyForDeploymentPostprocessing = 0;
			shellPath = /bin/sh;
			shellScript = "diff \"${PODS_PODFILE_DIR_PATH}/Podfile.lock\" \"${PODS_ROOT}/Manifest.lock\" > /dev/null\nif [ $? != 0 ] ; then\n    # print error to STDERR\n    echo \"error: The sandbox is not in sync with the Podfile.lock. Run 'pod install' or update your CocoaPods installation.\" >&2\n    exit 1\nfi\n# This output is used by Xcode 'outputs' to avoid re-running this script phase.\necho \"SUCCESS\" > \"${SCRIPT_OUTPUT_FILE_0}\"\n";
			showEnvVarsInLog = 0;
		};
		CE0492FFF50AB60097741D59 /* [CP] Embed Pods Frameworks */ = {
			isa = PBXShellScriptBuildPhase;
			buildActionMask = 2147483647;
			files = (
			);
			inputFileListPaths = (
				"${PODS_ROOT}/Target Support Files/Pods-AlamofireTest/Pods-AlamofireTest-frameworks-${CONFIGURATION}-input-files.xcfilelist",
			);
			name = "[CP] Embed Pods Frameworks";
			outputFileListPaths = (
				"${PODS_ROOT}/Target Support Files/Pods-AlamofireTest/Pods-AlamofireTest-frameworks-${CONFIGURATION}-output-files.xcfilelist",
			);
			runOnlyForDeploymentPostprocessing = 0;
			shellPath = /bin/sh;
			shellScript = "\"${PODS_ROOT}/Target Support Files/Pods-AlamofireTest/Pods-AlamofireTest-frameworks.sh\"\n";
			showEnvVarsInLog = 0;
		};
		FD43930C2BC59F89CCDD486F /* [CP] Check Pods Manifest.lock */ = {
			isa = PBXShellScriptBuildPhase;
			buildActionMask = 2147483647;
			files = (
			);
			inputFileListPaths = (
			);
			inputPaths = (
				"${PODS_PODFILE_DIR_PATH}/Podfile.lock",
				"${PODS_ROOT}/Manifest.lock",
			);
			name = "[CP] Check Pods Manifest.lock";
			outputFileListPaths = (
			);
			outputPaths = (
				"$(DERIVED_FILE_DIR)/Pods-AlamofireTest-checkManifestLockResult.txt",
			);
			runOnlyForDeploymentPostprocessing = 0;
			shellPath = /bin/sh;
			shellScript = "diff \"${PODS_PODFILE_DIR_PATH}/Podfile.lock\" \"${PODS_ROOT}/Manifest.lock\" > /dev/null\nif [ $? != 0 ] ; then\n    # print error to STDERR\n    echo \"error: The sandbox is not in sync with the Podfile.lock. Run 'pod install' or update your CocoaPods installation.\" >&2\n    exit 1\nfi\n# This output is used by Xcode 'outputs' to avoid re-running this script phase.\necho \"SUCCESS\" > \"${SCRIPT_OUTPUT_FILE_0}\"\n";
			showEnvVarsInLog = 0;
		};
/* End PBXShellScriptBuildPhase section */

/* Begin PBXSourcesBuildPhase section */
		CF625559296188D300BD590B /* Sources */ = {
			isa = PBXSourcesBuildPhase;
			buildActionMask = 2147483647;
			files = (
				CF625565296188D300BD590B /* ViewController.swift in Sources */,
				CF625561296188D300BD590B /* AppDelegate.swift in Sources */,
				CF625563296188D300BD590B /* SceneDelegate.swift in Sources */,
			);
			runOnlyForDeploymentPostprocessing = 0;
		};
		CF62556F296188D400BD590B /* Sources */ = {
			isa = PBXSourcesBuildPhase;
			buildActionMask = 2147483647;
			files = (
				CF625578296188D400BD590B /* AlamofireTestTests.swift in Sources */,
			);
			runOnlyForDeploymentPostprocessing = 0;
		};
		CF625579296188D400BD590B /* Sources */ = {
			isa = PBXSourcesBuildPhase;
			buildActionMask = 2147483647;
			files = (
				CF625582296188D400BD590B /* AlamofireTestUITests.swift in Sources */,
				CF625584296188D400BD590B /* AlamofireTestUITestsLaunchTests.swift in Sources */,
			);
			runOnlyForDeploymentPostprocessing = 0;
		};
/* End PBXSourcesBuildPhase section */

/* Begin PBXTargetDependency section */
		CF625575296188D400BD590B /* PBXTargetDependency */ = {
			isa = PBXTargetDependency;
			target = CF62555C296188D300BD590B /* AlamofireTest */;
			targetProxy = CF625574296188D400BD590B /* PBXContainerItemProxy */;
		};
		CF62557F296188D400BD590B /* PBXTargetDependency */ = {
			isa = PBXTargetDependency;
			target = CF62555C296188D300BD590B /* AlamofireTest */;
			targetProxy = CF62557E296188D400BD590B /* PBXContainerItemProxy */;
		};
/* End PBXTargetDependency section */

/* Begin PBXVariantGroup section */
		CF625566296188D300BD590B /* Main.storyboard */ = {
			isa = PBXVariantGroup;
			children = (
				CF625567296188D300BD590B /* Base */,
			);
			name = Main.storyboard;
			sourceTree = "<group>";
		};
		CF62556B296188D400BD590B /* LaunchScreen.storyboard */ = {
			isa = PBXVariantGroup;
			children = (
				CF62556C296188D400BD590B /* Base */,
			);
			name = LaunchScreen.storyboard;
			sourceTree = "<group>";
		};
/* End PBXVariantGroup section */

/* Begin XCBuildConfiguration section */
		CF625585296188D400BD590B /* Debug */ = {
			isa = XCBuildConfiguration;
			buildSettings = {
				ALWAYS_SEARCH_USER_PATHS = NO;
				CLANG_ANALYZER_NONNULL = YES;
				CLANG_ANALYZER_NUMBER_OBJECT_CONVERSION = YES_AGGRESSIVE;
				CLANG_CXX_LANGUAGE_STANDARD = "gnu++17";
				CLANG_ENABLE_MODULES = YES;
				CLANG_ENABLE_OBJC_ARC = YES;
				CLANG_ENABLE_OBJC_WEAK = YES;
				CLANG_WARN_BLOCK_CAPTURE_AUTORELEASING = YES;
				CLANG_WARN_BOOL_CONVERSION = YES;
				CLANG_WARN_COMMA = YES;
				CLANG_WARN_CONSTANT_CONVERSION = YES;
				CLANG_WARN_DEPRECATED_OBJC_IMPLEMENTATIONS = YES;
				CLANG_WARN_DIRECT_OBJC_ISA_USAGE = YES_ERROR;
				CLANG_WARN_DOCUMENTATION_COMMENTS = YES;
				CLANG_WARN_EMPTY_BODY = YES;
				CLANG_WARN_ENUM_CONVERSION = YES;
				CLANG_WARN_INFINITE_RECURSION = YES;
				CLANG_WARN_INT_CONVERSION = YES;
				CLANG_WARN_NON_LITERAL_NULL_CONVERSION = YES;
				CLANG_WARN_OBJC_IMPLICIT_RETAIN_SELF = YES;
				CLANG_WARN_OBJC_LITERAL_CONVERSION = YES;
				CLANG_WARN_OBJC_ROOT_CLASS = YES_ERROR;
				CLANG_WARN_QUOTED_INCLUDE_IN_FRAMEWORK_HEADER = YES;
				CLANG_WARN_RANGE_LOOP_ANALYSIS = YES;
				CLANG_WARN_STRICT_PROTOTYPES = YES;
				CLANG_WARN_SUSPICIOUS_MOVE = YES;
				CLANG_WARN_UNGUARDED_AVAILABILITY = YES_AGGRESSIVE;
				CLANG_WARN_UNREACHABLE_CODE = YES;
				CLANG_WARN__DUPLICATE_METHOD_MATCH = YES;
				COPY_PHASE_STRIP = NO;
				DEBUG_INFORMATION_FORMAT = dwarf;
				ENABLE_STRICT_OBJC_MSGSEND = YES;
				ENABLE_TESTABILITY = YES;
				GCC_C_LANGUAGE_STANDARD = gnu11;
				GCC_DYNAMIC_NO_PIC = NO;
				GCC_NO_COMMON_BLOCKS = YES;
				GCC_OPTIMIZATION_LEVEL = 0;
				GCC_PREPROCESSOR_DEFINITIONS = (
					"DEBUG=1",
					"$(inherited)",
				);
				GCC_WARN_64_TO_32_BIT_CONVERSION = YES;
				GCC_WARN_ABOUT_RETURN_TYPE = YES_ERROR;
				GCC_WARN_UNDECLARED_SELECTOR = YES;
				GCC_WARN_UNINITIALIZED_AUTOS = YES_AGGRESSIVE;
				GCC_WARN_UNUSED_FUNCTION = YES;
				GCC_WARN_UNUSED_VARIABLE = YES;
				IPHONEOS_DEPLOYMENT_TARGET = 15.4;
				MTL_ENABLE_DEBUG_INFO = INCLUDE_SOURCE;
				MTL_FAST_MATH = YES;
				ONLY_ACTIVE_ARCH = YES;
				SDKROOT = iphoneos;
				SWIFT_ACTIVE_COMPILATION_CONDITIONS = DEBUG;
				SWIFT_OPTIMIZATION_LEVEL = "-Onone";
			};
			name = Debug;
		};
		CF625586296188D400BD590B /* Release */ = {
			isa = XCBuildConfiguration;
			buildSettings = {
				ALWAYS_SEARCH_USER_PATHS = NO;
				CLANG_ANALYZER_NONNULL = YES;
				CLANG_ANALYZER_NUMBER_OBJECT_CONVERSION = YES_AGGRESSIVE;
				CLANG_CXX_LANGUAGE_STANDARD = "gnu++17";
				CLANG_ENABLE_MODULES = YES;
				CLANG_ENABLE_OBJC_ARC = YES;
				CLANG_ENABLE_OBJC_WEAK = YES;
				CLANG_WARN_BLOCK_CAPTURE_AUTORELEASING = YES;
				CLANG_WARN_BOOL_CONVERSION = YES;
				CLANG_WARN_COMMA = YES;
				CLANG_WARN_CONSTANT_CONVERSION = YES;
				CLANG_WARN_DEPRECATED_OBJC_IMPLEMENTATIONS = YES;
				CLANG_WARN_DIRECT_OBJC_ISA_USAGE = YES_ERROR;
				CLANG_WARN_DOCUMENTATION_COMMENTS = YES;
				CLANG_WARN_EMPTY_BODY = YES;
				CLANG_WARN_ENUM_CONVERSION = YES;
				CLANG_WARN_INFINITE_RECURSION = YES;
				CLANG_WARN_INT_CONVERSION = YES;
				CLANG_WARN_NON_LITERAL_NULL_CONVERSION = YES;
				CLANG_WARN_OBJC_IMPLICIT_RETAIN_SELF = YES;
				CLANG_WARN_OBJC_LITERAL_CONVERSION = YES;
				CLANG_WARN_OBJC_ROOT_CLASS = YES_ERROR;
				CLANG_WARN_QUOTED_INCLUDE_IN_FRAMEWORK_HEADER = YES;
				CLANG_WARN_RANGE_LOOP_ANALYSIS = YES;
				CLANG_WARN_STRICT_PROTOTYPES = YES;
				CLANG_WARN_SUSPICIOUS_MOVE = YES;
				CLANG_WARN_UNGUARDED_AVAILABILITY = YES_AGGRESSIVE;
				CLANG_WARN_UNREACHABLE_CODE = YES;
				CLANG_WARN__DUPLICATE_METHOD_MATCH = YES;
				COPY_PHASE_STRIP = NO;
				DEBUG_INFORMATION_FORMAT = "dwarf-with-dsym";
				ENABLE_NS_ASSERTIONS = NO;
				ENABLE_STRICT_OBJC_MSGSEND = YES;
				GCC_C_LANGUAGE_STANDARD = gnu11;
				GCC_NO_COMMON_BLOCKS = YES;
				GCC_WARN_64_TO_32_BIT_CONVERSION = YES;
				GCC_WARN_ABOUT_RETURN_TYPE = YES_ERROR;
				GCC_WARN_UNDECLARED_SELECTOR = YES;
				GCC_WARN_UNINITIALIZED_AUTOS = YES_AGGRESSIVE;
				GCC_WARN_UNUSED_FUNCTION = YES;
				GCC_WARN_UNUSED_VARIABLE = YES;
				IPHONEOS_DEPLOYMENT_TARGET = 15.4;
				MTL_ENABLE_DEBUG_INFO = NO;
				MTL_FAST_MATH = YES;
				SDKROOT = iphoneos;
				SWIFT_COMPILATION_MODE = wholemodule;
				SWIFT_OPTIMIZATION_LEVEL = "-O";
				VALIDATE_PRODUCT = YES;
			};
			name = Release;
		};
		CF625588296188D400BD590B /* Debug */ = {
			isa = XCBuildConfiguration;
			baseConfigurationReference = 5FCC58565465418E3D1F29CD /* Pods-AlamofireTest.debug.xcconfig */;
			buildSettings = {
				ASSETCATALOG_COMPILER_APPICON_NAME = AppIcon;
				ASSETCATALOG_COMPILER_GLOBAL_ACCENT_COLOR_NAME = AccentColor;
				CODE_SIGN_STYLE = Automatic;
				CURRENT_PROJECT_VERSION = 1;
				GENERATE_INFOPLIST_FILE = YES;
				INFOPLIST_FILE = AlamofireTest/Info.plist;
				INFOPLIST_KEY_UIApplicationSupportsIndirectInputEvents = YES;
				INFOPLIST_KEY_UILaunchStoryboardName = LaunchScreen;
				INFOPLIST_KEY_UIMainStoryboardFile = Main;
				INFOPLIST_KEY_UISupportedInterfaceOrientations_iPad = "UIInterfaceOrientationPortrait UIInterfaceOrientationPortraitUpsideDown UIInterfaceOrientationLandscapeLeft UIInterfaceOrientationLandscapeRight";
				INFOPLIST_KEY_UISupportedInterfaceOrientations_iPhone = "UIInterfaceOrientationPortrait UIInterfaceOrientationLandscapeLeft UIInterfaceOrientationLandscapeRight";
				LD_RUNPATH_SEARCH_PATHS = (
					"$(inherited)",
					"@executable_path/Frameworks",
				);
				MARKETING_VERSION = 1.0;
				PRODUCT_BUNDLE_IDENTIFIER = Ljunhyeob.AlamofireTest;
				PRODUCT_NAME = "$(TARGET_NAME)";
				SWIFT_EMIT_LOC_STRINGS = YES;
				SWIFT_VERSION = 5.0;
				TARGETED_DEVICE_FAMILY = "1,2";
			};
			name = Debug;
		};
		CF625589296188D400BD590B /* Release */ = {
			isa = XCBuildConfiguration;
			baseConfigurationReference = 5BFC14E2935065065CE4E0F5 /* Pods-AlamofireTest.release.xcconfig */;
			buildSettings = {
				ASSETCATALOG_COMPILER_APPICON_NAME = AppIcon;
				ASSETCATALOG_COMPILER_GLOBAL_ACCENT_COLOR_NAME = AccentColor;
				CODE_SIGN_STYLE = Automatic;
				CURRENT_PROJECT_VERSION = 1;
				GENERATE_INFOPLIST_FILE = YES;
				INFOPLIST_FILE = AlamofireTest/Info.plist;
				INFOPLIST_KEY_UIApplicationSupportsIndirectInputEvents = YES;
				INFOPLIST_KEY_UILaunchStoryboardName = LaunchScreen;
				INFOPLIST_KEY_UIMainStoryboardFile = Main;
				INFOPLIST_KEY_UISupportedInterfaceOrientations_iPad = "UIInterfaceOrientationPortrait UIInterfaceOrientationPortraitUpsideDown UIInterfaceOrientationLandscapeLeft UIInterfaceOrientationLandscapeRight";
				INFOPLIST_KEY_UISupportedInterfaceOrientations_iPhone = "UIInterfaceOrientationPortrait UIInterfaceOrientationLandscapeLeft UIInterfaceOrientationLandscapeRight";
				LD_RUNPATH_SEARCH_PATHS = (
					"$(inherited)",
					"@executable_path/Frameworks",
				);
				MARKETING_VERSION = 1.0;
				PRODUCT_BUNDLE_IDENTIFIER = Ljunhyeob.AlamofireTest;
				PRODUCT_NAME = "$(TARGET_NAME)";
				SWIFT_EMIT_LOC_STRINGS = YES;
				SWIFT_VERSION = 5.0;
				TARGETED_DEVICE_FAMILY = "1,2";
			};
			name = Release;
		};
		CF62558B296188D400BD590B /* Debug */ = {
			isa = XCBuildConfiguration;
			baseConfigurationReference = B8F317109A3B6616AB306C63 /* Pods-AlamofireTestTests.debug.xcconfig */;
			buildSettings = {
				ALWAYS_EMBED_SWIFT_STANDARD_LIBRARIES = YES;
				BUNDLE_LOADER = "$(TEST_HOST)";
				CODE_SIGN_STYLE = Automatic;
				CURRENT_PROJECT_VERSION = 1;
				GENERATE_INFOPLIST_FILE = YES;
				IPHONEOS_DEPLOYMENT_TARGET = 15.4;
				MARKETING_VERSION = 1.0;
				PRODUCT_BUNDLE_IDENTIFIER = Ljunhyeob.AlamofireTestTests;
				PRODUCT_NAME = "$(TARGET_NAME)";
				SWIFT_EMIT_LOC_STRINGS = NO;
				SWIFT_VERSION = 5.0;
				TARGETED_DEVICE_FAMILY = "1,2";
				TEST_HOST = "$(BUILT_PRODUCTS_DIR)/AlamofireTest.app/AlamofireTest";
			};
			name = Debug;
		};
		CF62558C296188D400BD590B /* Release */ = {
			isa = XCBuildConfiguration;
			baseConfigurationReference = 6C0FEB0DC3A3911E2BB90834 /* Pods-AlamofireTestTests.release.xcconfig */;
			buildSettings = {
				ALWAYS_EMBED_SWIFT_STANDARD_LIBRARIES = YES;
				BUNDLE_LOADER = "$(TEST_HOST)";
				CODE_SIGN_STYLE = Automatic;
				CURRENT_PROJECT_VERSION = 1;
				GENERATE_INFOPLIST_FILE = YES;
				IPHONEOS_DEPLOYMENT_TARGET = 15.4;
				MARKETING_VERSION = 1.0;
				PRODUCT_BUNDLE_IDENTIFIER = Ljunhyeob.AlamofireTestTests;
				PRODUCT_NAME = "$(TARGET_NAME)";
				SWIFT_EMIT_LOC_STRINGS = NO;
				SWIFT_VERSION = 5.0;
				TARGETED_DEVICE_FAMILY = "1,2";
				TEST_HOST = "$(BUILT_PRODUCTS_DIR)/AlamofireTest.app/AlamofireTest";
			};
			name = Release;
		};
		CF62558E296188D400BD590B /* Debug */ = {
			isa = XCBuildConfiguration;
			baseConfigurationReference = 77C5F0D48C2B07C788CFEB25 /* Pods-AlamofireTest-AlamofireTestUITests.debug.xcconfig */;
			buildSettings = {
				ALWAYS_EMBED_SWIFT_STANDARD_LIBRARIES = YES;
				CODE_SIGN_STYLE = Automatic;
				CURRENT_PROJECT_VERSION = 1;
				GENERATE_INFOPLIST_FILE = YES;
				MARKETING_VERSION = 1.0;
				PRODUCT_BUNDLE_IDENTIFIER = Ljunhyeob.AlamofireTestUITests;
				PRODUCT_NAME = "$(TARGET_NAME)";
				SWIFT_EMIT_LOC_STRINGS = NO;
				SWIFT_VERSION = 5.0;
				TARGETED_DEVICE_FAMILY = "1,2";
				TEST_TARGET_NAME = AlamofireTest;
			};
			name = Debug;
		};
		CF62558F296188D400BD590B /* Release */ = {
			isa = XCBuildConfiguration;
			baseConfigurationReference = 7FE8CF4F9E40358C0331D7BF /* Pods-AlamofireTest-AlamofireTestUITests.release.xcconfig */;
			buildSettings = {
				ALWAYS_EMBED_SWIFT_STANDARD_LIBRARIES = YES;
				CODE_SIGN_STYLE = Automatic;
				CURRENT_PROJECT_VERSION = 1;
				GENERATE_INFOPLIST_FILE = YES;
				MARKETING_VERSION = 1.0;
				PRODUCT_BUNDLE_IDENTIFIER = Ljunhyeob.AlamofireTestUITests;
				PRODUCT_NAME = "$(TARGET_NAME)";
				SWIFT_EMIT_LOC_STRINGS = NO;
				SWIFT_VERSION = 5.0;
				TARGETED_DEVICE_FAMILY = "1,2";
				TEST_TARGET_NAME = AlamofireTest;
			};
			name = Release;
		};
/* End XCBuildConfiguration section */

/* Begin XCConfigurationList section */
		CF625558296188D300BD590B /* Build configuration list for PBXProject "AlamofireTest" */ = {
			isa = XCConfigurationList;
			buildConfigurations = (
				CF625585296188D400BD590B /* Debug */,
				CF625586296188D400BD590B /* Release */,
			);
			defaultConfigurationIsVisible = 0;
			defaultConfigurationName = Release;
		};
		CF625587296188D400BD590B /* Build configuration list for PBXNativeTarget "AlamofireTest" */ = {
			isa = XCConfigurationList;
			buildConfigurations = (
				CF625588296188D400BD590B /* Debug */,
				CF625589296188D400BD590B /* Release */,
			);
			defaultConfigurationIsVisible = 0;
			defaultConfigurationName = Release;
		};
		CF62558A296188D400BD590B /* Build configuration list for PBXNativeTarget "AlamofireTestTests" */ = {
			isa = XCConfigurationList;
			buildConfigurations = (
				CF62558B296188D400BD590B /* Debug */,
				CF62558C296188D400BD590B /* Release */,
			);
			defaultConfigurationIsVisible = 0;
			defaultConfigurationName = Release;
		};
		CF62558D296188D400BD590B /* Build configuration list for PBXNativeTarget "AlamofireTestUITests" */ = {
			isa = XCConfigurationList;
			buildConfigurations = (
				CF62558E296188D400BD590B /* Debug */,
				CF62558F296188D400BD590B /* Release */,
			);
			defaultConfigurationIsVisible = 0;
			defaultConfigurationName = Release;
		};
/* End XCConfigurationList section */
	};
	rootObject = CF625555296188D300BD590B /* Project object */;
}
